// !$*UTF8*$!
{
	archiveVersion = 1;
	classes = {
	};
	objectVersion = 77;
	objects = {

/* Begin PBXBuildFile section */
		8459AB752CBEE00B00819BC3 /* FirebaseAnalytics in Frameworks */ = {isa = PBXBuildFile; productRef = 8459AB742CBEE00B00819BC3 /* FirebaseAnalytics */; };
		8459AB772CBEE00B00819BC3 /* FirebaseAuth in Frameworks */ = {isa = PBXBuildFile; productRef = 8459AB762CBEE00B00819BC3 /* FirebaseAuth */; };
		8459AB792CBEE00B00819BC3 /* FirebaseCore in Frameworks */ = {isa = PBXBuildFile; productRef = 8459AB782CBEE00B00819BC3 /* FirebaseCore */; };
		8459AB7B2CBEE00B00819BC3 /* FirebaseDatabase in Frameworks */ = {isa = PBXBuildFile; productRef = 8459AB7A2CBEE00B00819BC3 /* FirebaseDatabase */; };
		8459AB7D2CBEE00B00819BC3 /* FirebaseFirestore in Frameworks */ = {isa = PBXBuildFile; productRef = 8459AB7C2CBEE00B00819BC3 /* FirebaseFirestore */; };
		8459AB7F2CBEE00B00819BC3 /* FirebaseStorage in Frameworks */ = {isa = PBXBuildFile; productRef = 8459AB7E2CBEE00B00819BC3 /* FirebaseStorage */; };
		8459AB922CBEE07000819BC3 /* ResearchKit.framework in Frameworks */ = {isa = PBXBuildFile; fileRef = 8459AB8A2CBEE03200819BC3 /* ResearchKit.framework */; };
		8459AB932CBEE07000819BC3 /* ResearchKit.framework in Embed Frameworks */ = {isa = PBXBuildFile; fileRef = 8459AB8A2CBEE03200819BC3 /* ResearchKit.framework */; settings = {ATTRIBUTES = (CodeSignOnCopy, RemoveHeadersOnCopy, ); }; };
		8459AB952CBEE07500819BC3 /* ResearchKitActiveTask.framework in Frameworks */ = {isa = PBXBuildFile; fileRef = 8459AB902CBEE03200819BC3 /* ResearchKitActiveTask.framework */; };
		8459AB962CBEE07500819BC3 /* ResearchKitActiveTask.framework in Embed Frameworks */ = {isa = PBXBuildFile; fileRef = 8459AB902CBEE03200819BC3 /* ResearchKitActiveTask.framework */; settings = {ATTRIBUTES = (CodeSignOnCopy, RemoveHeadersOnCopy, ); }; };
		8459AB972CBEE07B00819BC3 /* ResearchKitUI.framework in Frameworks */ = {isa = PBXBuildFile; fileRef = 8459AB8E2CBEE03200819BC3 /* ResearchKitUI.framework */; };
		8459AB982CBEE07B00819BC3 /* ResearchKitUI.framework in Embed Frameworks */ = {isa = PBXBuildFile; fileRef = 8459AB8E2CBEE03200819BC3 /* ResearchKitUI.framework */; settings = {ATTRIBUTES = (CodeSignOnCopy, RemoveHeadersOnCopy, ); }; };
		8459ABC72CBEE50F00819BC3 /* GoogleSignIn in Frameworks */ = {isa = PBXBuildFile; productRef = 8459ABC62CBEE50F00819BC3 /* GoogleSignIn */; };
		8459ABC92CBEE50F00819BC3 /* GoogleSignInSwift in Frameworks */ = {isa = PBXBuildFile; productRef = 8459ABC82CBEE50F00819BC3 /* GoogleSignInSwift */; };
		84FBA6CD2CD434670046E968 /* FirebaseFirestoreCombine-Community in Frameworks */ = {isa = PBXBuildFile; productRef = 84FBA6CC2CD434670046E968 /* FirebaseFirestoreCombine-Community */; };
/* End PBXBuildFile section */

/* Begin PBXContainerItemProxy section */
		8459AB892CBEE03200819BC3 /* PBXContainerItemProxy */ = {
			isa = PBXContainerItemProxy;
			containerPortal = 8459AB802CBEE03200819BC3 /* ResearchKit.xcodeproj */;
			proxyType = 2;
			remoteGlobalIDString = B183A5951A8535D100C76870;
			remoteInfo = ResearchKit;
		};
		8459AB8D2CBEE03200819BC3 /* PBXContainerItemProxy */ = {
			isa = PBXContainerItemProxy;
			containerPortal = 8459AB802CBEE03200819BC3 /* ResearchKit.xcodeproj */;
			proxyType = 2;
			remoteGlobalIDString = CA1C7A5A288B0C68004DAB3A;
			remoteInfo = "ResearchKitUI (iOS)";
		};
		8459AB8F2CBEE03200819BC3 /* PBXContainerItemProxy */ = {
			isa = PBXContainerItemProxy;
			containerPortal = 8459AB802CBEE03200819BC3 /* ResearchKit.xcodeproj */;
			proxyType = 2;
			remoteGlobalIDString = CAD08967289DD747007B2A98;
			remoteInfo = ResearchKitActiveTask;
		};
/* End PBXContainerItemProxy section */

/* Begin PBXCopyFilesBuildPhase section */
		8459AB942CBEE07100819BC3 /* Embed Frameworks */ = {
			isa = PBXCopyFilesBuildPhase;
			buildActionMask = 2147483647;
			dstPath = "";
			dstSubfolderSpec = 10;
			files = (
				8459AB982CBEE07B00819BC3 /* ResearchKitUI.framework in Embed Frameworks */,
				8459AB932CBEE07000819BC3 /* ResearchKit.framework in Embed Frameworks */,
				8459AB962CBEE07500819BC3 /* ResearchKitActiveTask.framework in Embed Frameworks */,
			);
			name = "Embed Frameworks";
			runOnlyForDeploymentPostprocessing = 0;
		};
/* End PBXCopyFilesBuildPhase section */

/* Begin PBXFileReference section */
		8459AB592CBEDF0E00819BC3 /* App-RK-BM.app */ = {isa = PBXFileReference; explicitFileType = wrapper.application; includeInIndex = 0; path = "App-RK-BM.app"; sourceTree = BUILT_PRODUCTS_DIR; };
		8459AB802CBEE03200819BC3 /* ResearchKit.xcodeproj */ = {isa = PBXFileReference; lastKnownFileType = "wrapper.pb-project"; name = ResearchKit.xcodeproj; path = "../ResearchKit-main/ResearchKit.xcodeproj"; sourceTree = SOURCE_ROOT; };
/* End PBXFileReference section */

/* Begin PBXFileSystemSynchronizedBuildFileExceptionSet section */
		8459AB6B2CBEDF1100819BC3 /* Exceptions for "App-RK-BM" folder in "App-RK-BM" target */ = {
			isa = PBXFileSystemSynchronizedBuildFileExceptionSet;
			membershipExceptions = (
				Info.plist,
			);
			target = 8459AB582CBEDF0E00819BC3 /* App-RK-BM */;
		};
/* End PBXFileSystemSynchronizedBuildFileExceptionSet section */

/* Begin PBXFileSystemSynchronizedRootGroup section */
		8459AB5B2CBEDF0E00819BC3 /* App-RK-BM */ = {
			isa = PBXFileSystemSynchronizedRootGroup;
			exceptions = (
				8459AB6B2CBEDF1100819BC3 /* Exceptions for "App-RK-BM" folder in "App-RK-BM" target */,
			);
			path = "App-RK-BM";
			sourceTree = "<group>";
		};
/* End PBXFileSystemSynchronizedRootGroup section */

/* Begin PBXFrameworksBuildPhase section */
		8459AB562CBEDF0E00819BC3 /* Frameworks */ = {
			isa = PBXFrameworksBuildPhase;
			buildActionMask = 2147483647;
			files = (
				8459AB972CBEE07B00819BC3 /* ResearchKitUI.framework in Frameworks */,
				8459AB752CBEE00B00819BC3 /* FirebaseAnalytics in Frameworks */,
				8459AB792CBEE00B00819BC3 /* FirebaseCore in Frameworks */,
				8459AB7B2CBEE00B00819BC3 /* FirebaseDatabase in Frameworks */,
				8459AB7D2CBEE00B00819BC3 /* FirebaseFirestore in Frameworks */,
				8459ABC72CBEE50F00819BC3 /* GoogleSignIn in Frameworks */,
				8459AB772CBEE00B00819BC3 /* FirebaseAuth in Frameworks */,
				8459AB922CBEE07000819BC3 /* ResearchKit.framework in Frameworks */,
				8459AB7F2CBEE00B00819BC3 /* FirebaseStorage in Frameworks */,
				84FBA6CD2CD434670046E968 /* FirebaseFirestoreCombine-Community in Frameworks */,
				8459AB952CBEE07500819BC3 /* ResearchKitActiveTask.framework in Frameworks */,
				8459ABC92CBEE50F00819BC3 /* GoogleSignInSwift in Frameworks */,
			);
			runOnlyForDeploymentPostprocessing = 0;
		};
/* End PBXFrameworksBuildPhase section */

/* Begin PBXGroup section */
		8459AB502CBEDF0E00819BC3 = {
			isa = PBXGroup;
			children = (
				8459AB802CBEE03200819BC3 /* ResearchKit.xcodeproj */,
				8459AB5B2CBEDF0E00819BC3 /* App-RK-BM */,
				8459AB912CBEE07000819BC3 /* Frameworks */,
				8459AB5A2CBEDF0E00819BC3 /* Products */,
			);
			sourceTree = "<group>";
		};
		8459AB5A2CBEDF0E00819BC3 /* Products */ = {
			isa = PBXGroup;
			children = (
				8459AB592CBEDF0E00819BC3 /* App-RK-BM.app */,
			);
			name = Products;
			sourceTree = "<group>";
		};
		8459AB832CBEE03200819BC3 /* Products */ = {
			isa = PBXGroup;
			children = (
				8459AB8A2CBEE03200819BC3 /* ResearchKit.framework */,
				8459AB8E2CBEE03200819BC3 /* ResearchKitUI.framework */,
				8459AB902CBEE03200819BC3 /* ResearchKitActiveTask.framework */,
			);
			name = Products;
			sourceTree = "<group>";
		};
		8459AB912CBEE07000819BC3 /* Frameworks */ = {
			isa = PBXGroup;
			children = (
			);
			name = Frameworks;
			sourceTree = "<group>";
		};
/* End PBXGroup section */

/* Begin PBXNativeTarget section */
		8459AB582CBEDF0E00819BC3 /* App-RK-BM */ = {
			isa = PBXNativeTarget;
			buildConfigurationList = 8459AB6C2CBEDF1100819BC3 /* Build configuration list for PBXNativeTarget "App-RK-BM" */;
			buildPhases = (
				8459AB552CBEDF0E00819BC3 /* Sources */,
				8459AB562CBEDF0E00819BC3 /* Frameworks */,
				8459AB572CBEDF0E00819BC3 /* Resources */,
				8459AB942CBEE07100819BC3 /* Embed Frameworks */,
			);
			buildRules = (
			);
			dependencies = (
			);
			fileSystemSynchronizedGroups = (
				8459AB5B2CBEDF0E00819BC3 /* App-RK-BM */,
			);
			name = "App-RK-BM";
			packageProductDependencies = (
				8459AB742CBEE00B00819BC3 /* FirebaseAnalytics */,
				8459AB762CBEE00B00819BC3 /* FirebaseAuth */,
				8459AB782CBEE00B00819BC3 /* FirebaseCore */,
				8459AB7A2CBEE00B00819BC3 /* FirebaseDatabase */,
				8459AB7C2CBEE00B00819BC3 /* FirebaseFirestore */,
				8459AB7E2CBEE00B00819BC3 /* FirebaseStorage */,
				8459ABC62CBEE50F00819BC3 /* GoogleSignIn */,
				8459ABC82CBEE50F00819BC3 /* GoogleSignInSwift */,
				84FBA6CC2CD434670046E968 /* FirebaseFirestoreCombine-Community */,
			);
			productName = "App-RK-BM";
			productReference = 8459AB592CBEDF0E00819BC3 /* App-RK-BM.app */;
			productType = "com.apple.product-type.application";
		};
/* End PBXNativeTarget section */

/* Begin PBXProject section */
		8459AB512CBEDF0E00819BC3 /* Project object */ = {
			isa = PBXProject;
			attributes = {
				BuildIndependentTargetsInParallel = 1;
				LastSwiftUpdateCheck = 1600;
				LastUpgradeCheck = 1600;
				TargetAttributes = {
					8459AB582CBEDF0E00819BC3 = {
						CreatedOnToolsVersion = 16.0;
						LastSwiftMigration = 1600;
					};
				};
			};
			buildConfigurationList = 8459AB542CBEDF0E00819BC3 /* Build configuration list for PBXProject "App-RK-BM" */;
			developmentRegion = en;
			hasScannedForEncodings = 0;
			knownRegions = (
				en,
				Base,
			);
			mainGroup = 8459AB502CBEDF0E00819BC3;
			minimizedProjectReferenceProxies = 1;
			packageReferences = (
				8459AB732CBEE00A00819BC3 /* XCRemoteSwiftPackageReference "firebase-ios-sdk" */,
				8459ABC52CBEE50F00819BC3 /* XCRemoteSwiftPackageReference "GoogleSignIn-iOS" */,
			);
			preferredProjectObjectVersion = 77;
			productRefGroup = 8459AB5A2CBEDF0E00819BC3 /* Products */;
			projectDirPath = "";
			projectReferences = (
				{
					ProductGroup = 8459AB832CBEE03200819BC3 /* Products */;
					ProjectRef = 8459AB802CBEE03200819BC3 /* ResearchKit.xcodeproj */;
				},
			);
			projectRoot = "";
			targets = (
				8459AB582CBEDF0E00819BC3 /* App-RK-BM */,
			);
		};
/* End PBXProject section */

/* Begin PBXReferenceProxy section */
		8459AB8A2CBEE03200819BC3 /* ResearchKit.framework */ = {
			isa = PBXReferenceProxy;
			fileType = wrapper.framework;
			path = ResearchKit.framework;
			remoteRef = 8459AB892CBEE03200819BC3 /* PBXContainerItemProxy */;
			sourceTree = BUILT_PRODUCTS_DIR;
		};
		8459AB8E2CBEE03200819BC3 /* ResearchKitUI.framework */ = {
			isa = PBXReferenceProxy;
			fileType = wrapper.framework;
			path = ResearchKitUI.framework;
			remoteRef = 8459AB8D2CBEE03200819BC3 /* PBXContainerItemProxy */;
			sourceTree = BUILT_PRODUCTS_DIR;
		};
		8459AB902CBEE03200819BC3 /* ResearchKitActiveTask.framework */ = {
			isa = PBXReferenceProxy;
			fileType = wrapper.framework;
			path = ResearchKitActiveTask.framework;
			remoteRef = 8459AB8F2CBEE03200819BC3 /* PBXContainerItemProxy */;
			sourceTree = BUILT_PRODUCTS_DIR;
		};
/* End PBXReferenceProxy section */

/* Begin PBXResourcesBuildPhase section */
		8459AB572CBEDF0E00819BC3 /* Resources */ = {
			isa = PBXResourcesBuildPhase;
			buildActionMask = 2147483647;
			files = (
			);
			runOnlyForDeploymentPostprocessing = 0;
		};
/* End PBXResourcesBuildPhase section */

/* Begin PBXSourcesBuildPhase section */
		8459AB552CBEDF0E00819BC3 /* Sources */ = {
			isa = PBXSourcesBuildPhase;
			buildActionMask = 2147483647;
			files = (
			);
			runOnlyForDeploymentPostprocessing = 0;
		};
/* End PBXSourcesBuildPhase section */

/* Begin XCBuildConfiguration section */
		8459AB6D2CBEDF1100819BC3 /* Debug */ = {
			isa = XCBuildConfiguration;
			buildSettings = {
				ASSETCATALOG_COMPILER_APPICON_NAME = AppIcon;
				ASSETCATALOG_COMPILER_GLOBAL_ACCENT_COLOR_NAME = AccentColor;
				CLANG_ENABLE_MODULES = YES;
				CODE_SIGN_ENTITLEMENTS = "App-RK-BM/App-RK-BM.entitlements";
				CODE_SIGN_STYLE = Automatic;
				CURRENT_PROJECT_VERSION = 1;
				DEVELOPMENT_TEAM = 7YLGQ4GLVA;
				GENERATE_INFOPLIST_FILE = YES;
				INFOPLIST_FILE = "App-RK-BM/Info.plist";
				INFOPLIST_KEY_UIApplicationSupportsIndirectInputEvents = YES;
				INFOPLIST_KEY_UILaunchStoryboardName = LaunchScreen;
				INFOPLIST_KEY_UIMainStoryboardFile = Main;
				INFOPLIST_KEY_UISupportedInterfaceOrientations_iPad = "UIInterfaceOrientationPortrait UIInterfaceOrientationPortraitUpsideDown UIInterfaceOrientationLandscapeLeft UIInterfaceOrientationLandscapeRight";
				INFOPLIST_KEY_UISupportedInterfaceOrientations_iPhone = "UIInterfaceOrientationPortrait UIInterfaceOrientationLandscapeLeft UIInterfaceOrientationLandscapeRight";
				IPHONEOS_DEPLOYMENT_TARGET = 15.6;
				LD_RUNPATH_SEARCH_PATHS = (
					"$(inherited)",
					"@executable_path/Frameworks",
				);
				MARKETING_VERSION = 1.0;
				PRODUCT_BUNDLE_IDENTIFIER = "com.biomarkers.App-RK-BM";
				PRODUCT_NAME = "$(TARGET_NAME)";
				SWIFT_EMIT_LOC_STRINGS = YES;
				SWIFT_OBJC_BRIDGING_HEADER = "App-RK-BM/App-RK-BM-Bridging-Header.h";
				SWIFT_OPTIMIZATION_LEVEL = "-Onone";
				SWIFT_VERSION = 5.0;
				TARGETED_DEVICE_FAMILY = "1,2";
			};
			name = Debug;
		};
		8459AB6E2CBEDF1100819BC3 /* Release */ = {
			isa = XCBuildConfiguration;
			buildSettings = {
				ASSETCATALOG_COMPILER_APPICON_NAME = AppIcon;
				ASSETCATALOG_COMPILER_GLOBAL_ACCENT_COLOR_NAME = AccentColor;
				CLANG_ENABLE_MODULES = YES;
				CODE_SIGN_ENTITLEMENTS = "App-RK-BM/App-RK-BM.entitlements";
				CODE_SIGN_STYLE = Automatic;
				CURRENT_PROJECT_VERSION = 1;
				DEVELOPMENT_TEAM = 7YLGQ4GLVA;
				GENERATE_INFOPLIST_FILE = YES;
				INFOPLIST_FILE = "App-RK-BM/Info.plist";
				INFOPLIST_KEY_UIApplicationSupportsIndirectInputEvents = YES;
				INFOPLIST_KEY_UILaunchStoryboardName = LaunchScreen;
				INFOPLIST_KEY_UIMainStoryboardFile = Main;
				INFOPLIST_KEY_UISupportedInterfaceOrientations_iPad = "UIInterfaceOrientationPortrait UIInterfaceOrientationPortraitUpsideDown UIInterfaceOrientationLandscapeLeft UIInterfaceOrientationLandscapeRight";
				INFOPLIST_KEY_UISupportedInterfaceOrientations_iPhone = "UIInterfaceOrientationPortrait UIInterfaceOrientationLandscapeLeft UIInterfaceOrientationLandscapeRight";
				IPHONEOS_DEPLOYMENT_TARGET = 15.6;
				LD_RUNPATH_SEARCH_PATHS = (
					"$(inherited)",
					"@executable_path/Frameworks",
				);
				MARKETING_VERSION = 1.0;
				PRODUCT_BUNDLE_IDENTIFIER = "com.biomarkers.App-RK-BM";
				PRODUCT_NAME = "$(TARGET_NAME)";
				SWIFT_EMIT_LOC_STRINGS = YES;
				SWIFT_OBJC_BRIDGING_HEADER = "App-RK-BM/App-RK-BM-Bridging-Header.h";
				SWIFT_VERSION = 5.0;
				TARGETED_DEVICE_FAMILY = "1,2";
			};
			name = Release;
		};
		8459AB6F2CBEDF1100819BC3 /* Debug */ = {
			isa = XCBuildConfiguration;
			buildSettings = {
				ALWAYS_SEARCH_USER_PATHS = NO;
				ASSETCATALOG_COMPILER_GENERATE_SWIFT_ASSET_SYMBOL_EXTENSIONS = YES;
				CLANG_ANALYZER_NONNULL = YES;
				CLANG_ANALYZER_NUMBER_OBJECT_CONVERSION = YES_AGGRESSIVE;
				CLANG_CXX_LANGUAGE_STANDARD = "gnu++20";
				CLANG_ENABLE_MODULES = YES;
				CLANG_ENABLE_OBJC_ARC = YES;
				CLANG_ENABLE_OBJC_WEAK = YES;
				CLANG_WARN_BLOCK_CAPTURE_AUTORELEASING = YES;
				CLANG_WARN_BOOL_CONVERSION = YES;
				CLANG_WARN_COMMA = YES;
				CLANG_WARN_CONSTANT_CONVERSION = YES;
				CLANG_WARN_DEPRECATED_OBJC_IMPLEMENTATIONS = YES;
				CLANG_WARN_DIRECT_OBJC_ISA_USAGE = YES_ERROR;
				CLANG_WARN_DOCUMENTATION_COMMENTS = YES;
				CLANG_WARN_EMPTY_BODY = YES;
				CLANG_WARN_ENUM_CONVERSION = YES;
				CLANG_WARN_INFINITE_RECURSION = YES;
				CLANG_WARN_INT_CONVERSION = YES;
				CLANG_WARN_NON_LITERAL_NULL_CONVERSION = YES;
				CLANG_WARN_OBJC_IMPLICIT_RETAIN_SELF = YES;
				CLANG_WARN_OBJC_LITERAL_CONVERSION = YES;
				CLANG_WARN_OBJC_ROOT_CLASS = YES_ERROR;
				CLANG_WARN_QUOTED_INCLUDE_IN_FRAMEWORK_HEADER = YES;
				CLANG_WARN_RANGE_LOOP_ANALYSIS = YES;
				CLANG_WARN_STRICT_PROTOTYPES = YES;
				CLANG_WARN_SUSPICIOUS_MOVE = YES;
				CLANG_WARN_UNGUARDED_AVAILABILITY = YES_AGGRESSIVE;
				CLANG_WARN_UNREACHABLE_CODE = YES;
				CLANG_WARN__DUPLICATE_METHOD_MATCH = YES;
				COPY_PHASE_STRIP = NO;
				DEBUG_INFORMATION_FORMAT = dwarf;
				ENABLE_STRICT_OBJC_MSGSEND = YES;
				ENABLE_TESTABILITY = YES;
				ENABLE_USER_SCRIPT_SANDBOXING = NO;
				GCC_C_LANGUAGE_STANDARD = gnu17;
				GCC_DYNAMIC_NO_PIC = NO;
				GCC_NO_COMMON_BLOCKS = YES;
				GCC_OPTIMIZATION_LEVEL = 0;
				GCC_PREPROCESSOR_DEFINITIONS = (
					"DEBUG=1",
					"$(inherited)",
				);
				GCC_WARN_64_TO_32_BIT_CONVERSION = YES;
				GCC_WARN_ABOUT_RETURN_TYPE = YES_ERROR;
				GCC_WARN_UNDECLARED_SELECTOR = YES;
				GCC_WARN_UNINITIALIZED_AUTOS = YES_AGGRESSIVE;
				GCC_WARN_UNUSED_FUNCTION = YES;
				GCC_WARN_UNUSED_VARIABLE = YES;
				IPHONEOS_DEPLOYMENT_TARGET = 18.0;
				LOCALIZATION_PREFERS_STRING_CATALOGS = YES;
				MTL_ENABLE_DEBUG_INFO = INCLUDE_SOURCE;
				MTL_FAST_MATH = YES;
				ONLY_ACTIVE_ARCH = YES;
				SDKROOT = iphoneos;
				SWIFT_ACTIVE_COMPILATION_CONDITIONS = "DEBUG $(inherited)";
				SWIFT_OPTIMIZATION_LEVEL = "-Onone";
			};
			name = Debug;
		};
		8459AB702CBEDF1100819BC3 /* Release */ = {
			isa = XCBuildConfiguration;
			buildSettings = {
				ALWAYS_SEARCH_USER_PATHS = NO;
				ASSETCATALOG_COMPILER_GENERATE_SWIFT_ASSET_SYMBOL_EXTENSIONS = YES;
				CLANG_ANALYZER_NONNULL = YES;
				CLANG_ANALYZER_NUMBER_OBJECT_CONVERSION = YES_AGGRESSIVE;
				CLANG_CXX_LANGUAGE_STANDARD = "gnu++20";
				CLANG_ENABLE_MODULES = YES;
				CLANG_ENABLE_OBJC_ARC = YES;
				CLANG_ENABLE_OBJC_WEAK = YES;
				CLANG_WARN_BLOCK_CAPTURE_AUTORELEASING = YES;
				CLANG_WARN_BOOL_CONVERSION = YES;
				CLANG_WARN_COMMA = YES;
				CLANG_WARN_CONSTANT_CONVERSION = YES;
				CLANG_WARN_DEPRECATED_OBJC_IMPLEMENTATIONS = YES;
				CLANG_WARN_DIRECT_OBJC_ISA_USAGE = YES_ERROR;
				CLANG_WARN_DOCUMENTATION_COMMENTS = YES;
				CLANG_WARN_EMPTY_BODY = YES;
				CLANG_WARN_ENUM_CONVERSION = YES;
				CLANG_WARN_INFINITE_RECURSION = YES;
				CLANG_WARN_INT_CONVERSION = YES;
				CLANG_WARN_NON_LITERAL_NULL_CONVERSION = YES;
				CLANG_WARN_OBJC_IMPLICIT_RETAIN_SELF = YES;
				CLANG_WARN_OBJC_LITERAL_CONVERSION = YES;
				CLANG_WARN_OBJC_ROOT_CLASS = YES_ERROR;
				CLANG_WARN_QUOTED_INCLUDE_IN_FRAMEWORK_HEADER = YES;
				CLANG_WARN_RANGE_LOOP_ANALYSIS = YES;
				CLANG_WARN_STRICT_PROTOTYPES = YES;
				CLANG_WARN_SUSPICIOUS_MOVE = YES;
				CLANG_WARN_UNGUARDED_AVAILABILITY = YES_AGGRESSIVE;
				CLANG_WARN_UNREACHABLE_CODE = YES;
				CLANG_WARN__DUPLICATE_METHOD_MATCH = YES;
				COPY_PHASE_STRIP = NO;
				DEBUG_INFORMATION_FORMAT = "dwarf-with-dsym";
				ENABLE_NS_ASSERTIONS = NO;
				ENABLE_STRICT_OBJC_MSGSEND = YES;
				ENABLE_USER_SCRIPT_SANDBOXING = NO;
				GCC_C_LANGUAGE_STANDARD = gnu17;
				GCC_NO_COMMON_BLOCKS = YES;
				GCC_WARN_64_TO_32_BIT_CONVERSION = YES;
				GCC_WARN_ABOUT_RETURN_TYPE = YES_ERROR;
				GCC_WARN_UNDECLARED_SELECTOR = YES;
				GCC_WARN_UNINITIALIZED_AUTOS = YES_AGGRESSIVE;
				GCC_WARN_UNUSED_FUNCTION = YES;
				GCC_WARN_UNUSED_VARIABLE = YES;
				IPHONEOS_DEPLOYMENT_TARGET = 18.0;
				LOCALIZATION_PREFERS_STRING_CATALOGS = YES;
				MTL_ENABLE_DEBUG_INFO = NO;
				MTL_FAST_MATH = YES;
				SDKROOT = iphoneos;
				SWIFT_COMPILATION_MODE = wholemodule;
				VALIDATE_PRODUCT = YES;
			};
			name = Release;
		};
/* End XCBuildConfiguration section */

/* Begin XCConfigurationList section */
		8459AB542CBEDF0E00819BC3 /* Build configuration list for PBXProject "App-RK-BM" */ = {
			isa = XCConfigurationList;
			buildConfigurations = (
				8459AB6F2CBEDF1100819BC3 /* Debug */,
				8459AB702CBEDF1100819BC3 /* Release */,
			);
			defaultConfigurationIsVisible = 0;
			defaultConfigurationName = Release;
		};
		8459AB6C2CBEDF1100819BC3 /* Build configuration list for PBXNativeTarget "App-RK-BM" */ = {
			isa = XCConfigurationList;
			buildConfigurations = (
				8459AB6D2CBEDF1100819BC3 /* Debug */,
				8459AB6E2CBEDF1100819BC3 /* Release */,
			);
			defaultConfigurationIsVisible = 0;
			defaultConfigurationName = Release;
		};
/* End XCConfigurationList section */

/* Begin XCRemoteSwiftPackageReference section */
		8459AB732CBEE00A00819BC3 /* XCRemoteSwiftPackageReference "firebase-ios-sdk" */ = {
			isa = XCRemoteSwiftPackageReference;
			repositoryURL = "https://github.com/firebase/firebase-ios-sdk";
			requirement = {
				kind = upToNextMajorVersion;
				minimumVersion = 11.3.0;
			};
		};
		8459ABC52CBEE50F00819BC3 /* XCRemoteSwiftPackageReference "GoogleSignIn-iOS" */ = {
			isa = XCRemoteSwiftPackageReference;
			repositoryURL = "https://github.com/google/GoogleSignIn-iOS";
			requirement = {
				kind = upToNextMajorVersion;
				minimumVersion = 8.0.0;
			};
		};
/* End XCRemoteSwiftPackageReference section */

/* Begin XCSwiftPackageProductDependency section */
		8459AB742CBEE00B00819BC3 /* FirebaseAnalytics */ = {
			isa = XCSwiftPackageProductDependency;
			package = 8459AB732CBEE00A00819BC3 /* XCRemoteSwiftPackageReference "firebase-ios-sdk" */;
			productName = FirebaseAnalytics;
		};
		8459AB762CBEE00B00819BC3 /* FirebaseAuth */ = {
			isa = XCSwiftPackageProductDependency;
			package = 8459AB732CBEE00A00819BC3 /* XCRemoteSwiftPackageReference "firebase-ios-sdk" */;
			productName = FirebaseAuth;
		};
		8459AB782CBEE00B00819BC3 /* FirebaseCore */ = {
			isa = XCSwiftPackageProductDependency;
			package = 8459AB732CBEE00A00819BC3 /* XCRemoteSwiftPackageReference "firebase-ios-sdk" */;
			productName = FirebaseCore;
		};
		8459AB7A2CBEE00B00819BC3 /* FirebaseDatabase */ = {
			isa = XCSwiftPackageProductDependency;
			package = 8459AB732CBEE00A00819BC3 /* XCRemoteSwiftPackageReference "firebase-ios-sdk" */;
			productName = FirebaseDatabase;
		};
		8459AB7C2CBEE00B00819BC3 /* FirebaseFirestore */ = {
			isa = XCSwiftPackageProductDependency;
			package = 8459AB732CBEE00A00819BC3 /* XCRemoteSwiftPackageReference "firebase-ios-sdk" */;
			productName = FirebaseFirestore;
		};
		8459AB7E2CBEE00B00819BC3 /* FirebaseStorage */ = {
			isa = XCSwiftPackageProductDependency;
			package = 8459AB732CBEE00A00819BC3 /* XCRemoteSwiftPackageReference "firebase-ios-sdk" */;
			productName = FirebaseStorage;
		};
		8459ABC62CBEE50F00819BC3 /* GoogleSignIn */ = {
			isa = XCSwiftPackageProductDependency;
			package = 8459ABC52CBEE50F00819BC3 /* XCRemoteSwiftPackageReference "GoogleSignIn-iOS" */;
			productName = GoogleSignIn;
		};
		8459ABC82CBEE50F00819BC3 /* GoogleSignInSwift */ = {
			isa = XCSwiftPackageProductDependency;
			package = 8459ABC52CBEE50F00819BC3 /* XCRemoteSwiftPackageReference "GoogleSignIn-iOS" */;
			productName = GoogleSignInSwift;
		};
		84FBA6CC2CD434670046E968 /* FirebaseFirestoreCombine-Community */ = {
			isa = XCSwiftPackageProductDependency;
			productName = "FirebaseFirestoreCombine-Community";
		};
/* End XCSwiftPackageProductDependency section */
	};
	rootObject = 8459AB512CBEDF0E00819BC3 /* Project object */;
}
